
Microsoft Visual Studio Solution File, Format Version 12.00
# Visual Studio Version 16
VisualStudioVersion = 16.0.32126.315
MinimumVisualStudioVersion = 10.0.40219.1
Project("{159641D6-6404-4A2A-AE62-294DE0FE8301}") = "ETL3", "ETL3.dtproj", "{C05E50E9-ECA6-42AE-B47F-56938D0FAD7F}"
EndProject
Global
	GlobalSection(SolutionConfigurationPlatforms) = preSolution
		Development|Default = Development|Default
	EndGlobalSection
	GlobalSection(ProjectConfigurationPlatforms) = postSolution
		{C05E50E9-ECA6-42AE-B47F-56938D0FAD7F}.Development|Default.ActiveCfg = Development
		{C05E50E9-ECA6-42AE-B47F-56938D0FAD7F}.Development|Default.Build.0 = Development
	EndGlobalSection
	GlobalSection(SolutionProperties) = preSolution
		HideSolutionNode = FALSE
	EndGlobalSection
	GlobalSection(ExtensibilityGlobals) = postSolution
		SolutionGuid = {21B64DA6-9912-44F6-A73E-00AF2D4EBECE}
	EndGlobalSection
EndGlobal
