
Microsoft Visual Studio Solution File, Format Version 12.00
# Visual Studio 15
VisualStudioVersion = 15.0.28307.1800
MinimumVisualStudioVersion = 10.0.40219.1
Project("{159641D6-6404-4A2A-AE62-294DE0FE8301}") = "ETL_EJ1", "ETL_EJ1\ETL_EJ1.dtproj", "{6496756E-6946-4F02-AB93-C47759BF3E2E}"
EndProject
Global
	GlobalSection(SolutionConfigurationPlatforms) = preSolution
		Development|Default = Development|Default
	EndGlobalSection
	GlobalSection(ProjectConfigurationPlatforms) = postSolution
		{6496756E-6946-4F02-AB93-C47759BF3E2E}.Development|Default.ActiveCfg = Development
		{6496756E-6946-4F02-AB93-C47759BF3E2E}.Development|Default.Build.0 = Development
	EndGlobalSection
	GlobalSection(SolutionProperties) = preSolution
		HideSolutionNode = FALSE
	EndGlobalSection
	GlobalSection(ExtensibilityGlobals) = postSolution
		SolutionGuid = {BA761A52-8444-417C-96CF-2DEA80CFCF59}
	EndGlobalSection
EndGlobal
