
Microsoft Visual Studio Solution File, Format Version 12.00
# Visual Studio 15
VisualStudioVersion = 15.0.28307.1800
MinimumVisualStudioVersion = 10.0.40219.1
Project("{159641D6-6404-4A2A-AE62-294DE0FE8301}") = "ETL_EJ2", "ETL_EJ2.dtproj", "{E3559D55-473E-4048-B8EE-0E3B6B89AD86}"
EndProject
Global
	GlobalSection(SolutionConfigurationPlatforms) = preSolution
		Development|Default = Development|Default
	EndGlobalSection
	GlobalSection(ProjectConfigurationPlatforms) = postSolution
		{E3559D55-473E-4048-B8EE-0E3B6B89AD86}.Development|Default.ActiveCfg = Development
		{E3559D55-473E-4048-B8EE-0E3B6B89AD86}.Development|Default.Build.0 = Development
	EndGlobalSection
	GlobalSection(SolutionProperties) = preSolution
		HideSolutionNode = FALSE
	EndGlobalSection
	GlobalSection(ExtensibilityGlobals) = postSolution
		SolutionGuid = {C8B99ABD-C089-4FEB-A966-4F8400516312}
	EndGlobalSection
EndGlobal
